
Microsoft Visual Studio Solution File, Format Version 12.00
# Visual Studio Version 17
VisualStudioVersion = 17.5.002.0
MinimumVisualStudioVersion = 10.0.40219.1
Project("{9A19103F-16F7-4668-BE54-9A1E7A4F7556}") = "SplendorConsole", "SplendorConsole.csproj", "{57BB7336-559F-42AD-9153-A34E4281BEEF}"
EndProject
Global
	GlobalSection(SolutionConfigurationPlatforms) = preSolution
		Debug|Any CPU = Debug|Any CPU
		Release|Any CPU = Release|Any CPU
	EndGlobalSection
	GlobalSection(ProjectConfigurationPlatforms) = postSolution
		{57BB7336-559F-42AD-9153-A34E4281BEEF}.Debug|Any CPU.ActiveCfg = Debug|Any CPU
		{57BB7336-559F-42AD-9153-A34E4281BEEF}.Debug|Any CPU.Build.0 = Debug|Any CPU
		{57BB7336-559F-42AD-9153-A34E4281BEEF}.Release|Any CPU.ActiveCfg = Release|Any CPU
		{57BB7336-559F-42AD-9153-A34E4281BEEF}.Release|Any CPU.Build.0 = Release|Any CPU
	EndGlobalSection
	GlobalSection(SolutionProperties) = preSolution
		HideSolutionNode = FALSE
	EndGlobalSection
	GlobalSection(ExtensibilityGlobals) = postSolution
		SolutionGuid = {04A17F75-B9ED-4BA4-B33E-31F5DBFA6F3F}
	EndGlobalSection
EndGlobal
