
Microsoft Visual Studio Solution File, Format Version 12.00
# Visual Studio 15
Project("{FAE04EC0-301F-11D3-BF4B-00C04F79EFBC}") = "UnityEngine.TestRunner", "UnityEngine.TestRunner.csproj", "{DC2C7812-2830-0DC4-AC04-F4C3B1F5F09F}"
EndProject
Project("{FAE04EC0-301F-11D3-BF4B-00C04F79EFBC}") = "UnityEditor.TestRunner", "UnityEditor.TestRunner.csproj", "{DBA455B6-C69A-D3A2-E00A-1D552F6187FB}"
EndProject
Project("{FAE04EC0-301F-11D3-BF4B-00C04F79EFBC}") = "Unity.TestTools.CodeCoverage.Editor", "Unity.TestTools.CodeCoverage.Editor.csproj", "{EE5E9369-6041-764F-791D-DAF2102274BF}"
EndProject
Project("{FAE04EC0-301F-11D3-BF4B-00C04F79EFBC}") = "Unity.VisualStudio.Editor", "Unity.VisualStudio.Editor.csproj", "{5229ACB9-6AA5-5960-1A10-A3D2F5720089}"
EndProject
Project("{FAE04EC0-301F-11D3-BF4B-00C04F79EFBC}") = "Unity.TestTools.CodeCoverage.Editor.OpenCover.Model", "Unity.TestTools.CodeCoverage.Editor.OpenCover.Model.csproj", "{614BD56B-2487-5F6A-BA93-7DF71C51FAE3}"
EndProject
Project("{FAE04EC0-301F-11D3-BF4B-00C04F79EFBC}") = "Unity.Performance.Profile-Analyzer.Editor", "Unity.Performance.Profile-Analyzer.Editor.csproj", "{D1D22716-8CFD-0C4D-4BA4-65B2ADC19EB3}"
EndProject
Project("{FAE04EC0-301F-11D3-BF4B-00C04F79EFBC}") = "Unity.EditorCoroutines.Editor", "Unity.EditorCoroutines.Editor.csproj", "{94F29DE2-0C19-E340-8144-5EFC2B63AF18}"
EndProject
Project("{FAE04EC0-301F-11D3-BF4B-00C04F79EFBC}") = "Unity.Rider.Editor", "Unity.Rider.Editor.csproj", "{5DDCD7FF-327D-30CB-4BD8-B9BBF74D30FE}"
EndProject
Project("{FAE04EC0-301F-11D3-BF4B-00C04F79EFBC}") = "Unity.Settings.Editor", "Unity.Settings.Editor.csproj", "{82460D9F-CC62-ABEA-C601-E9D4E0BBA36D}"
EndProject
Project("{FAE04EC0-301F-11D3-BF4B-00C04F79EFBC}") = "Unity.VSCode.Editor", "Unity.VSCode.Editor.csproj", "{CB6632F2-0ECE-9F46-0358-83558A1CD66B}"
EndProject
Project("{FAE04EC0-301F-11D3-BF4B-00C04F79EFBC}") = "Unity.TestTools.CodeCoverage.Editor.OpenCover.Mono.Reflection", "Unity.TestTools.CodeCoverage.Editor.OpenCover.Mono.Reflection.csproj", "{3B4FD137-F528-6BBF-E3E5-4BCCDBBE9B10}"
EndProject
Project("{FAE04EC0-301F-11D3-BF4B-00C04F79EFBC}") = "Assembly-CSharp", "Assembly-CSharp.csproj", "{F8893BFC-6D7F-316C-7F13-637DC9461102}"
EndProject
Project("{FAE04EC0-301F-11D3-BF4B-00C04F79EFBC}") = "UnityEngine.TestRunner", "UnityEngine.TestRunner.Player.csproj", "{3F014ED9-87F5-03E4-65B6-9004484C6AF6}"
EndProject
Project("{FAE04EC0-301F-11D3-BF4B-00C04F79EFBC}") = "Assembly-CSharp", "Assembly-CSharp.Player.csproj", "{ACE49282-019E-8701-05A0-05FD06BD77DB}"
EndProject
Global
	GlobalSection(SolutionConfigurationPlatforms) = preSolution
		Debug|Any CPU = Debug|Any CPU
		Release|Any CPU = Release|Any CPU
	EndGlobalSection
	GlobalSection(ProjectConfigurationPlatforms) = postSolution
		{DC2C7812-2830-0DC4-AC04-F4C3B1F5F09F}.Debug|Any CPU.ActiveCfg = Debug|Any CPU
		{DC2C7812-2830-0DC4-AC04-F4C3B1F5F09F}.Debug|Any CPU.Build.0 = Debug|Any CPU
		{DC2C7812-2830-0DC4-AC04-F4C3B1F5F09F}.Release|Any CPU.ActiveCfg = Release|Any CPU
		{DC2C7812-2830-0DC4-AC04-F4C3B1F5F09F}.Release|Any CPU.Build.0 = Release|Any CPU
		{DBA455B6-C69A-D3A2-E00A-1D552F6187FB}.Debug|Any CPU.ActiveCfg = Debug|Any CPU
		{DBA455B6-C69A-D3A2-E00A-1D552F6187FB}.Debug|Any CPU.Build.0 = Debug|Any CPU
		{DBA455B6-C69A-D3A2-E00A-1D552F6187FB}.Release|Any CPU.ActiveCfg = Release|Any CPU
		{DBA455B6-C69A-D3A2-E00A-1D552F6187FB}.Release|Any CPU.Build.0 = Release|Any CPU
		{EE5E9369-6041-764F-791D-DAF2102274BF}.Debug|Any CPU.ActiveCfg = Debug|Any CPU
		{EE5E9369-6041-764F-791D-DAF2102274BF}.Debug|Any CPU.Build.0 = Debug|Any CPU
		{EE5E9369-6041-764F-791D-DAF2102274BF}.Release|Any CPU.ActiveCfg = Release|Any CPU
		{EE5E9369-6041-764F-791D-DAF2102274BF}.Release|Any CPU.Build.0 = Release|Any CPU
		{5229ACB9-6AA5-5960-1A10-A3D2F5720089}.Debug|Any CPU.ActiveCfg = Debug|Any CPU
		{5229ACB9-6AA5-5960-1A10-A3D2F5720089}.Debug|Any CPU.Build.0 = Debug|Any CPU
		{5229ACB9-6AA5-5960-1A10-A3D2F5720089}.Release|Any CPU.ActiveCfg = Release|Any CPU
		{5229ACB9-6AA5-5960-1A10-A3D2F5720089}.Release|Any CPU.Build.0 = Release|Any CPU
		{614BD56B-2487-5F6A-BA93-7DF71C51FAE3}.Debug|Any CPU.ActiveCfg = Debug|Any CPU
		{614BD56B-2487-5F6A-BA93-7DF71C51FAE3}.Debug|Any CPU.Build.0 = Debug|Any CPU
		{614BD56B-2487-5F6A-BA93-7DF71C51FAE3}.Release|Any CPU.ActiveCfg = Release|Any CPU
		{614BD56B-2487-5F6A-BA93-7DF71C51FAE3}.Release|Any CPU.Build.0 = Release|Any CPU
		{D1D22716-8CFD-0C4D-4BA4-65B2ADC19EB3}.Debug|Any CPU.ActiveCfg = Debug|Any CPU
		{D1D22716-8CFD-0C4D-4BA4-65B2ADC19EB3}.Debug|Any CPU.Build.0 = Debug|Any CPU
		{D1D22716-8CFD-0C4D-4BA4-65B2ADC19EB3}.Release|Any CPU.ActiveCfg = Release|Any CPU
		{D1D22716-8CFD-0C4D-4BA4-65B2ADC19EB3}.Release|Any CPU.Build.0 = Release|Any CPU
		{94F29DE2-0C19-E340-8144-5EFC2B63AF18}.Debug|Any CPU.ActiveCfg = Debug|Any CPU
		{94F29DE2-0C19-E340-8144-5EFC2B63AF18}.Debug|Any CPU.Build.0 = Debug|Any CPU
		{94F29DE2-0C19-E340-8144-5EFC2B63AF18}.Release|Any CPU.ActiveCfg = Release|Any CPU
		{94F29DE2-0C19-E340-8144-5EFC2B63AF18}.Release|Any CPU.Build.0 = Release|Any CPU
		{5DDCD7FF-327D-30CB-4BD8-B9BBF74D30FE}.Debug|Any CPU.ActiveCfg = Debug|Any CPU
		{5DDCD7FF-327D-30CB-4BD8-B9BBF74D30FE}.Debug|Any CPU.Build.0 = Debug|Any CPU
		{5DDCD7FF-327D-30CB-4BD8-B9BBF74D30FE}.Release|Any CPU.ActiveCfg = Release|Any CPU
		{5DDCD7FF-327D-30CB-4BD8-B9BBF74D30FE}.Release|Any CPU.Build.0 = Release|Any CPU
		{82460D9F-CC62-ABEA-C601-E9D4E0BBA36D}.Debug|Any CPU.ActiveCfg = Debug|Any CPU
		{82460D9F-CC62-ABEA-C601-E9D4E0BBA36D}.Debug|Any CPU.Build.0 = Debug|Any CPU
		{82460D9F-CC62-ABEA-C601-E9D4E0BBA36D}.Release|Any CPU.ActiveCfg = Release|Any CPU
		{82460D9F-CC62-ABEA-C601-E9D4E0BBA36D}.Release|Any CPU.Build.0 = Release|Any CPU
		{CB6632F2-0ECE-9F46-0358-83558A1CD66B}.Debug|Any CPU.ActiveCfg = Debug|Any CPU
		{CB6632F2-0ECE-9F46-0358-83558A1CD66B}.Debug|Any CPU.Build.0 = Debug|Any CPU
		{CB6632F2-0ECE-9F46-0358-83558A1CD66B}.Release|Any CPU.ActiveCfg = Release|Any CPU
		{CB6632F2-0ECE-9F46-0358-83558A1CD66B}.Release|Any CPU.Build.0 = Release|Any CPU
		{3B4FD137-F528-6BBF-E3E5-4BCCDBBE9B10}.Debug|Any CPU.ActiveCfg = Debug|Any CPU
		{3B4FD137-F528-6BBF-E3E5-4BCCDBBE9B10}.Debug|Any CPU.Build.0 = Debug|Any CPU
		{3B4FD137-F528-6BBF-E3E5-4BCCDBBE9B10}.Release|Any CPU.ActiveCfg = Release|Any CPU
		{3B4FD137-F528-6BBF-E3E5-4BCCDBBE9B10}.Release|Any CPU.Build.0 = Release|Any CPU
		{F8893BFC-6D7F-316C-7F13-637DC9461102}.Debug|Any CPU.ActiveCfg = Debug|Any CPU
		{F8893BFC-6D7F-316C-7F13-637DC9461102}.Debug|Any CPU.Build.0 = Debug|Any CPU
		{F8893BFC-6D7F-316C-7F13-637DC9461102}.Release|Any CPU.ActiveCfg = Release|Any CPU
		{F8893BFC-6D7F-316C-7F13-637DC9461102}.Release|Any CPU.Build.0 = Release|Any CPU
		{3F014ED9-87F5-03E4-65B6-9004484C6AF6}.Debug|Any CPU.ActiveCfg = Debug|Any CPU
		{3F014ED9-87F5-03E4-65B6-9004484C6AF6}.Debug|Any CPU.Build.0 = Debug|Any CPU
		{3F014ED9-87F5-03E4-65B6-9004484C6AF6}.Release|Any CPU.ActiveCfg = Release|Any CPU
		{3F014ED9-87F5-03E4-65B6-9004484C6AF6}.Release|Any CPU.Build.0 = Release|Any CPU
		{ACE49282-019E-8701-05A0-05FD06BD77DB}.Debug|Any CPU.ActiveCfg = Debug|Any CPU
		{ACE49282-019E-8701-05A0-05FD06BD77DB}.Debug|Any CPU.Build.0 = Debug|Any CPU
		{ACE49282-019E-8701-05A0-05FD06BD77DB}.Release|Any CPU.ActiveCfg = Release|Any CPU
		{ACE49282-019E-8701-05A0-05FD06BD77DB}.Release|Any CPU.Build.0 = Release|Any CPU
	EndGlobalSection
	GlobalSection(SolutionProperties) = preSolution
		HideSolutionNode = FALSE
	EndGlobalSection
EndGlobal
